// !$*UTF8*$!
{
	archiveVersion = 1;
	classes = {
	};
	objectVersion = 52;
	objects = {

/* Begin PBXBuildFile section */
		90262FDF25333F99000CA696 /* GalleryItemView.swift in Sources */ = {isa = PBXBuildFile; fileRef = 90262FDE25333F99000CA696 /* GalleryItemView.swift */; };
		90D5DE5A251B3D56000856C5 /* PeepzApp.swift in Sources */ = {isa = PBXBuildFile; fileRef = 90D5DE59251B3D56000856C5 /* PeepzApp.swift */; };
		90D5DE5C251B3D56000856C5 /* ContentView.swift in Sources */ = {isa = PBXBuildFile; fileRef = 90D5DE5B251B3D56000856C5 /* ContentView.swift */; };
		90D5DE5E251B3D58000856C5 /* Assets.xcassets in Resources */ = {isa = PBXBuildFile; fileRef = 90D5DE5D251B3D58000856C5 /* Assets.xcassets */; };
		90D5DE61251B3D58000856C5 /* Preview Assets.xcassets in Resources */ = {isa = PBXBuildFile; fileRef = 90D5DE60251B3D58000856C5 /* Preview Assets.xcassets */; };
		90D5DE91251BA806000856C5 /* GoogleService-Info.plist in Resources */ = {isa = PBXBuildFile; fileRef = 90D5DE90251BA806000856C5 /* GoogleService-Info.plist */; };
		90FAD0742525EB2800477A70 /* GalleryView.swift in Sources */ = {isa = PBXBuildFile; fileRef = 90FAD0732525EB2800477A70 /* GalleryView.swift */; };
		B807B8802565C66300DC0027 /* Authentication in Frameworks */ = {isa = PBXBuildFile; platformFilter = ios; productRef = B807B87F2565C66300DC0027 /* Authentication */; };
		B89482AD255DFFA000F21497 /* PeepzModel.swift in Sources */ = {isa = PBXBuildFile; fileRef = B89482AC255DFFA000F21497 /* PeepzModel.swift */; };
		B895DFE825659331009D7554 /* LoginView.swift in Sources */ = {isa = PBXBuildFile; fileRef = B895DFE725659331009D7554 /* LoginView.swift */; };
		B8D06BC02565E1020051781A /* StorageClientLive in Frameworks */ = {isa = PBXBuildFile; platformFilter = ios; productRef = B8D06BBF2565E1020051781A /* StorageClientLive */; };
		B8D06BC22565E1130051781A /* StorageClient in Frameworks */ = {isa = PBXBuildFile; platformFilter = ios; productRef = B8D06BC12565E1130051781A /* StorageClient */; };
/* End PBXBuildFile section */

/* Begin PBXFileReference section */
		90262FDE25333F99000CA696 /* GalleryItemView.swift */ = {isa = PBXFileReference; lastKnownFileType = sourcecode.swift; path = GalleryItemView.swift; sourceTree = "<group>"; };
		90460A0D2523415900DB743E /* Peepz.entitlements */ = {isa = PBXFileReference; lastKnownFileType = text.plist.entitlements; path = Peepz.entitlements; sourceTree = "<group>"; };
		90D5DE56251B3D56000856C5 /* Peepz.app */ = {isa = PBXFileReference; explicitFileType = wrapper.application; includeInIndex = 0; path = Peepz.app; sourceTree = BUILT_PRODUCTS_DIR; };
		90D5DE59251B3D56000856C5 /* PeepzApp.swift */ = {isa = PBXFileReference; lastKnownFileType = sourcecode.swift; path = PeepzApp.swift; sourceTree = "<group>"; };
		90D5DE5B251B3D56000856C5 /* ContentView.swift */ = {isa = PBXFileReference; lastKnownFileType = sourcecode.swift; path = ContentView.swift; sourceTree = "<group>"; };
		90D5DE5D251B3D58000856C5 /* Assets.xcassets */ = {isa = PBXFileReference; lastKnownFileType = folder.assetcatalog; path = Assets.xcassets; sourceTree = "<group>"; };
		90D5DE60251B3D58000856C5 /* Preview Assets.xcassets */ = {isa = PBXFileReference; lastKnownFileType = folder.assetcatalog; path = "Preview Assets.xcassets"; sourceTree = "<group>"; };
		90D5DE62251B3D58000856C5 /* Info.plist */ = {isa = PBXFileReference; lastKnownFileType = text.plist.xml; path = Info.plist; sourceTree = "<group>"; };
		90D5DE90251BA806000856C5 /* GoogleService-Info.plist */ = {isa = PBXFileReference; fileEncoding = 4; lastKnownFileType = text.plist.xml; path = "GoogleService-Info.plist"; sourceTree = "<group>"; };
		90FAD0732525EB2800477A70 /* GalleryView.swift */ = {isa = PBXFileReference; lastKnownFileType = sourcecode.swift; path = GalleryView.swift; sourceTree = "<group>"; };
		90FAD093252679B300477A70 /* LocalAuthentication.framework */ = {isa = PBXFileReference; lastKnownFileType = wrapper.framework; name = LocalAuthentication.framework; path = Platforms/MacOSX.platform/Developer/SDKs/MacOSX10.15.sdk/System/Library/Frameworks/LocalAuthentication.framework; sourceTree = DEVELOPER_DIR; };
		90FAD095252679C500477A70 /* SafariServices.framework */ = {isa = PBXFileReference; lastKnownFileType = wrapper.framework; name = SafariServices.framework; path = Platforms/MacOSX.platform/Developer/SDKs/MacOSX10.15.sdk/System/iOSSupport/System/Library/Frameworks/SafariServices.framework; sourceTree = DEVELOPER_DIR; };
		90FAD097252679D000477A70 /* AuthenticationServices.framework */ = {isa = PBXFileReference; lastKnownFileType = wrapper.framework; name = AuthenticationServices.framework; path = Platforms/MacOSX.platform/Developer/SDKs/MacOSX10.15.sdk/System/iOSSupport/System/Library/Frameworks/AuthenticationServices.framework; sourceTree = DEVELOPER_DIR; };
		90FAD099252679D900477A70 /* SystemConfiguration.framework */ = {isa = PBXFileReference; lastKnownFileType = wrapper.framework; name = SystemConfiguration.framework; path = Platforms/MacOSX.platform/Developer/SDKs/MacOSX10.15.sdk/System/Library/Frameworks/SystemConfiguration.framework; sourceTree = DEVELOPER_DIR; };
		B807B87B25659FAF00DC0027 /* SDWebImageSwiftUI */ = {isa = PBXFileReference; lastKnownFileType = folder; name = SDWebImageSwiftUI; path = "/Users/gbasile/Library/Developer/Xcode/DerivedData/Peepz-fqqalvhboyepfddbqnaqniimzlov/SourcePackages/checkouts/SDWebImageSwiftUI"; sourceTree = "<absolute>"; };
		B89482AC255DFFA000F21497 /* PeepzModel.swift */ = {isa = PBXFileReference; lastKnownFileType = sourcecode.swift; path = PeepzModel.swift; sourceTree = "<group>"; };
		B895DFE5256592FD009D7554 /* StorageClient */ = {isa = PBXFileReference; lastKnownFileType = folder; path = StorageClient; sourceTree = "<group>"; };
		B895DFE6256592FD009D7554 /* Authentication */ = {isa = PBXFileReference; lastKnownFileType = folder; path = Authentication; sourceTree = "<group>"; };
		B895DFE725659331009D7554 /* LoginView.swift */ = {isa = PBXFileReference; lastKnownFileType = sourcecode.swift; path = LoginView.swift; sourceTree = "<group>"; };
/* End PBXFileReference section */

/* Begin PBXFrameworksBuildPhase section */
		90D5DE53251B3D56000856C5 /* Frameworks */ = {
			isa = PBXFrameworksBuildPhase;
			buildActionMask = 2147483647;
			files = (
				B807B8802565C66300DC0027 /* Authentication in Frameworks */,
				B8D06BC02565E1020051781A /* StorageClientLive in Frameworks */,
				B8D06BC22565E1130051781A /* StorageClient in Frameworks */,
			);
			runOnlyForDeploymentPostprocessing = 0;
		};
/* End PBXFrameworksBuildPhase section */

/* Begin PBXGroup section */
		90D5DE4D251B3D56000856C5 = {
			isa = PBXGroup;
			children = (
				90D5DE58251B3D56000856C5 /* Peepz */,
				90D5DE57251B3D56000856C5 /* Products */,
				90FAD092252679B300477A70 /* Frameworks */,
			);
			sourceTree = "<group>";
		};
		90D5DE57251B3D56000856C5 /* Products */ = {
			isa = PBXGroup;
			children = (
				90D5DE56251B3D56000856C5 /* Peepz.app */,
			);
			name = Products;
			sourceTree = "<group>";
		};
		90D5DE58251B3D56000856C5 /* Peepz */ = {
			isa = PBXGroup;
			children = (
				B895DFE2256592D6009D7554 /* Dependencies */,
				90E644652524C18C00B07DEB /* Main */,
				90460A0D2523415900DB743E /* Peepz.entitlements */,
				90D5DE90251BA806000856C5 /* GoogleService-Info.plist */,
				90D5DE59251B3D56000856C5 /* PeepzApp.swift */,
				90D5DE5D251B3D58000856C5 /* Assets.xcassets */,
				90D5DE62251B3D58000856C5 /* Info.plist */,
				90D5DE5F251B3D58000856C5 /* Preview Content */,
			);
			path = Peepz;
			sourceTree = "<group>";
		};
		90D5DE5F251B3D58000856C5 /* Preview Content */ = {
			isa = PBXGroup;
			children = (
				90D5DE60251B3D58000856C5 /* Preview Assets.xcassets */,
			);
			path = "Preview Content";
			sourceTree = "<group>";
		};
		90E644652524C18C00B07DEB /* Main */ = {
			isa = PBXGroup;
			children = (
				B8A40DB32565983C00E5EAC8 /* Login */,
				90FAD0722525EB0F00477A70 /* Gallery */,
				90D5DE5B251B3D56000856C5 /* ContentView.swift */,
				B89482AC255DFFA000F21497 /* PeepzModel.swift */,
			);
			path = Main;
			sourceTree = "<group>";
		};
		90FAD0722525EB0F00477A70 /* Gallery */ = {
			isa = PBXGroup;
			children = (
				90FAD0732525EB2800477A70 /* GalleryView.swift */,
				90262FDE25333F99000CA696 /* GalleryItemView.swift */,
			);
			path = Gallery;
			sourceTree = "<group>";
		};
		90FAD092252679B300477A70 /* Frameworks */ = {
			isa = PBXGroup;
			children = (
				B807B87B25659FAF00DC0027 /* SDWebImageSwiftUI */,
				90FAD099252679D900477A70 /* SystemConfiguration.framework */,
				90FAD097252679D000477A70 /* AuthenticationServices.framework */,
				90FAD095252679C500477A70 /* SafariServices.framework */,
				90FAD093252679B300477A70 /* LocalAuthentication.framework */,
			);
			name = Frameworks;
			sourceTree = "<group>";
		};
		B895DFE2256592D6009D7554 /* Dependencies */ = {
			isa = PBXGroup;
			children = (
				B895DFE6256592FD009D7554 /* Authentication */,
				B895DFE5256592FD009D7554 /* StorageClient */,
			);
			path = Dependencies;
			sourceTree = "<group>";
		};
		B8A40DB32565983C00E5EAC8 /* Login */ = {
			isa = PBXGroup;
			children = (
				B895DFE725659331009D7554 /* LoginView.swift */,
			);
			path = Login;
			sourceTree = "<group>";
		};
/* End PBXGroup section */

/* Begin PBXNativeTarget section */
		90D5DE55251B3D56000856C5 /* Peepz */ = {
			isa = PBXNativeTarget;
			buildConfigurationList = 90D5DE7B251B3D58000856C5 /* Build configuration list for PBXNativeTarget "Peepz" */;
			buildPhases = (
				90D5DE52251B3D56000856C5 /* Sources */,
				90D5DE53251B3D56000856C5 /* Frameworks */,
				90D5DE54251B3D56000856C5 /* Resources */,
			);
			buildRules = (
			);
			dependencies = (
			);
			name = Peepz;
			packageProductDependencies = (
				B807B87F2565C66300DC0027 /* Authentication */,
				B8D06BBF2565E1020051781A /* StorageClientLive */,
				B8D06BC12565E1130051781A /* StorageClient */,
			);
			productName = Peepz;
			productReference = 90D5DE56251B3D56000856C5 /* Peepz.app */;
			productType = "com.apple.product-type.application";
		};
/* End PBXNativeTarget section */

/* Begin PBXProject section */
		90D5DE4E251B3D56000856C5 /* Project object */ = {
			isa = PBXProject;
			attributes = {
				LastSwiftUpdateCheck = 1200;
				LastUpgradeCheck = 1200;
				TargetAttributes = {
					90D5DE55251B3D56000856C5 = {
						CreatedOnToolsVersion = 12.0;
					};
				};
			};
			buildConfigurationList = 90D5DE51251B3D56000856C5 /* Build configuration list for PBXProject "Peepz" */;
			compatibilityVersion = "Xcode 9.3";
			developmentRegion = en;
			hasScannedForEncodings = 0;
			knownRegions = (
				en,
				Base,
			);
			mainGroup = 90D5DE4D251B3D56000856C5;
			packageReferences = (
				B866911B255D8B0100CABD4A /* XCRemoteSwiftPackageReference "SDWebImageSwiftUI" */,
			);
			productRefGroup = 90D5DE57251B3D56000856C5 /* Products */;
			projectDirPath = "";
			projectRoot = "";
			targets = (
				90D5DE55251B3D56000856C5 /* Peepz */,
			);
		};
/* End PBXProject section */

/* Begin PBXResourcesBuildPhase section */
		90D5DE54251B3D56000856C5 /* Resources */ = {
			isa = PBXResourcesBuildPhase;
			buildActionMask = 2147483647;
			files = (
				90D5DE61251B3D58000856C5 /* Preview Assets.xcassets in Resources */,
				90D5DE5E251B3D58000856C5 /* Assets.xcassets in Resources */,
				90D5DE91251BA806000856C5 /* GoogleService-Info.plist in Resources */,
			);
			runOnlyForDeploymentPostprocessing = 0;
		};
/* End PBXResourcesBuildPhase section */

/* Begin PBXSourcesBuildPhase section */
		90D5DE52251B3D56000856C5 /* Sources */ = {
			isa = PBXSourcesBuildPhase;
			buildActionMask = 2147483647;
			files = (
				90262FDF25333F99000CA696 /* GalleryItemView.swift in Sources */,
				B895DFE825659331009D7554 /* LoginView.swift in Sources */,
				B89482AD255DFFA000F21497 /* PeepzModel.swift in Sources */,
				90D5DE5C251B3D56000856C5 /* ContentView.swift in Sources */,
				90D5DE5A251B3D56000856C5 /* PeepzApp.swift in Sources */,
				90FAD0742525EB2800477A70 /* GalleryView.swift in Sources */,
			);
			runOnlyForDeploymentPostprocessing = 0;
		};
/* End PBXSourcesBuildPhase section */

/* Begin XCBuildConfiguration section */
		90D5DE79251B3D58000856C5 /* Debug */ = {
			isa = XCBuildConfiguration;
			buildSettings = {
				ALWAYS_SEARCH_USER_PATHS = NO;
				CLANG_ANALYZER_NONNULL = YES;
				CLANG_ANALYZER_NUMBER_OBJECT_CONVERSION = YES_AGGRESSIVE;
				CLANG_CXX_LANGUAGE_STANDARD = "gnu++14";
				CLANG_CXX_LIBRARY = "libc++";
				CLANG_ENABLE_MODULES = YES;
				CLANG_ENABLE_OBJC_ARC = YES;
				CLANG_ENABLE_OBJC_WEAK = YES;
				CLANG_WARN_BLOCK_CAPTURE_AUTORELEASING = YES;
				CLANG_WARN_BOOL_CONVERSION = YES;
				CLANG_WARN_COMMA = YES;
				CLANG_WARN_CONSTANT_CONVERSION = YES;
				CLANG_WARN_DEPRECATED_OBJC_IMPLEMENTATIONS = YES;
				CLANG_WARN_DIRECT_OBJC_ISA_USAGE = YES_ERROR;
				CLANG_WARN_DOCUMENTATION_COMMENTS = YES;
				CLANG_WARN_EMPTY_BODY = YES;
				CLANG_WARN_ENUM_CONVERSION = YES;
				CLANG_WARN_INFINITE_RECURSION = YES;
				CLANG_WARN_INT_CONVERSION = YES;
				CLANG_WARN_NON_LITERAL_NULL_CONVERSION = YES;
				CLANG_WARN_OBJC_IMPLICIT_RETAIN_SELF = YES;
				CLANG_WARN_OBJC_LITERAL_CONVERSION = YES;
				CLANG_WARN_OBJC_ROOT_CLASS = YES_ERROR;
				CLANG_WARN_QUOTED_INCLUDE_IN_FRAMEWORK_HEADER = YES;
				CLANG_WARN_RANGE_LOOP_ANALYSIS = YES;
				CLANG_WARN_STRICT_PROTOTYPES = YES;
				CLANG_WARN_SUSPICIOUS_MOVE = YES;
				CLANG_WARN_UNGUARDED_AVAILABILITY = YES_AGGRESSIVE;
				CLANG_WARN_UNREACHABLE_CODE = YES;
				CLANG_WARN__DUPLICATE_METHOD_MATCH = YES;
				COPY_PHASE_STRIP = NO;
				DEBUG_INFORMATION_FORMAT = dwarf;
				ENABLE_STRICT_OBJC_MSGSEND = YES;
				ENABLE_TESTABILITY = YES;
				GCC_C_LANGUAGE_STANDARD = gnu11;
				GCC_DYNAMIC_NO_PIC = NO;
				GCC_NO_COMMON_BLOCKS = YES;
				GCC_OPTIMIZATION_LEVEL = 0;
				GCC_PREPROCESSOR_DEFINITIONS = (
					"DEBUG=1",
					"$(inherited)",
				);
				GCC_WARN_64_TO_32_BIT_CONVERSION = YES;
				GCC_WARN_ABOUT_RETURN_TYPE = YES_ERROR;
				GCC_WARN_UNDECLARED_SELECTOR = YES;
				GCC_WARN_UNINITIALIZED_AUTOS = YES_AGGRESSIVE;
				GCC_WARN_UNUSED_FUNCTION = YES;
				GCC_WARN_UNUSED_VARIABLE = YES;
				IPHONEOS_DEPLOYMENT_TARGET = 14.0;
				MTL_ENABLE_DEBUG_INFO = INCLUDE_SOURCE;
				MTL_FAST_MATH = YES;
				ONLY_ACTIVE_ARCH = YES;
				SDKROOT = iphoneos;
				SWIFT_ACTIVE_COMPILATION_CONDITIONS = DEBUG;
				SWIFT_OPTIMIZATION_LEVEL = "-Onone";
			};
			name = Debug;
		};
		90D5DE7A251B3D58000856C5 /* Release */ = {
			isa = XCBuildConfiguration;
			buildSettings = {
				ALWAYS_SEARCH_USER_PATHS = NO;
				CLANG_ANALYZER_NONNULL = YES;
				CLANG_ANALYZER_NUMBER_OBJECT_CONVERSION = YES_AGGRESSIVE;
				CLANG_CXX_LANGUAGE_STANDARD = "gnu++14";
				CLANG_CXX_LIBRARY = "libc++";
				CLANG_ENABLE_MODULES = YES;
				CLANG_ENABLE_OBJC_ARC = YES;
				CLANG_ENABLE_OBJC_WEAK = YES;
				CLANG_WARN_BLOCK_CAPTURE_AUTORELEASING = YES;
				CLANG_WARN_BOOL_CONVERSION = YES;
				CLANG_WARN_COMMA = YES;
				CLANG_WARN_CONSTANT_CONVERSION = YES;
				CLANG_WARN_DEPRECATED_OBJC_IMPLEMENTATIONS = YES;
				CLANG_WARN_DIRECT_OBJC_ISA_USAGE = YES_ERROR;
				CLANG_WARN_DOCUMENTATION_COMMENTS = YES;
				CLANG_WARN_EMPTY_BODY = YES;
				CLANG_WARN_ENUM_CONVERSION = YES;
				CLANG_WARN_INFINITE_RECURSION = YES;
				CLANG_WARN_INT_CONVERSION = YES;
				CLANG_WARN_NON_LITERAL_NULL_CONVERSION = YES;
				CLANG_WARN_OBJC_IMPLICIT_RETAIN_SELF = YES;
				CLANG_WARN_OBJC_LITERAL_CONVERSION = YES;
				CLANG_WARN_OBJC_ROOT_CLASS = YES_ERROR;
				CLANG_WARN_QUOTED_INCLUDE_IN_FRAMEWORK_HEADER = YES;
				CLANG_WARN_RANGE_LOOP_ANALYSIS = YES;
				CLANG_WARN_STRICT_PROTOTYPES = YES;
				CLANG_WARN_SUSPICIOUS_MOVE = YES;
				CLANG_WARN_UNGUARDED_AVAILABILITY = YES_AGGRESSIVE;
				CLANG_WARN_UNREACHABLE_CODE = YES;
				CLANG_WARN__DUPLICATE_METHOD_MATCH = YES;
				COPY_PHASE_STRIP = NO;
				DEBUG_INFORMATION_FORMAT = "dwarf-with-dsym";
				ENABLE_NS_ASSERTIONS = NO;
				ENABLE_STRICT_OBJC_MSGSEND = YES;
				GCC_C_LANGUAGE_STANDARD = gnu11;
				GCC_NO_COMMON_BLOCKS = YES;
				GCC_WARN_64_TO_32_BIT_CONVERSION = YES;
				GCC_WARN_ABOUT_RETURN_TYPE = YES_ERROR;
				GCC_WARN_UNDECLARED_SELECTOR = YES;
				GCC_WARN_UNINITIALIZED_AUTOS = YES_AGGRESSIVE;
				GCC_WARN_UNUSED_FUNCTION = YES;
				GCC_WARN_UNUSED_VARIABLE = YES;
				IPHONEOS_DEPLOYMENT_TARGET = 14.0;
				MTL_ENABLE_DEBUG_INFO = NO;
				MTL_FAST_MATH = YES;
				SDKROOT = iphoneos;
				SWIFT_COMPILATION_MODE = wholemodule;
				SWIFT_OPTIMIZATION_LEVEL = "-O";
				VALIDATE_PRODUCT = YES;
			};
			name = Release;
		};
		90D5DE7C251B3D58000856C5 /* Debug */ = {
			isa = XCBuildConfiguration;
			buildSettings = {
				ASSETCATALOG_COMPILER_APPICON_NAME = AppIcon;
				ASSETCATALOG_COMPILER_GLOBAL_ACCENT_COLOR_NAME = AccentColor;
				CODE_SIGN_ENTITLEMENTS = Peepz/Peepz.entitlements;
				CODE_SIGN_STYLE = Automatic;
				DEVELOPMENT_ASSET_PATHS = "";
				DEVELOPMENT_TEAM = 6344MVRY42;
				ENABLE_PREVIEWS = YES;
				FRAMEWORK_SEARCH_PATHS = (
					"$(inherited)",
					"$(PROJECT_DIR)/Peepz/Frameworks",
				);
				INFOPLIST_FILE = Peepz/Info.plist;
				IPHONEOS_DEPLOYMENT_TARGET = 14.0;
				LD_RUNPATH_SEARCH_PATHS = (
					"$(inherited)",
					"@executable_path/Frameworks",
				);
				OTHER_LDFLAGS = "$(inherited)";
				PRODUCT_BUNDLE_IDENTIFIER = com.novoda.peepz;
				PRODUCT_NAME = "$(TARGET_NAME)";
				SUPPORTS_MACCATALYST = NO;
				SWIFT_VERSION = 5.0;
				TARGETED_DEVICE_FAMILY = 1;
			};
			name = Debug;
		};
		90D5DE7D251B3D58000856C5 /* Release */ = {
			isa = XCBuildConfiguration;
			buildSettings = {
				ASSETCATALOG_COMPILER_APPICON_NAME = AppIcon;
				ASSETCATALOG_COMPILER_GLOBAL_ACCENT_COLOR_NAME = AccentColor;
				CODE_SIGN_ENTITLEMENTS = Peepz/Peepz.entitlements;
				CODE_SIGN_STYLE = Automatic;
				DEVELOPMENT_ASSET_PATHS = "";
				DEVELOPMENT_TEAM = 6344MVRY42;
				ENABLE_PREVIEWS = YES;
				FRAMEWORK_SEARCH_PATHS = (
					"$(inherited)",
					"$(PROJECT_DIR)/Peepz/Frameworks",
				);
				INFOPLIST_FILE = Peepz/Info.plist;
				IPHONEOS_DEPLOYMENT_TARGET = 14.0;
				LD_RUNPATH_SEARCH_PATHS = (
					"$(inherited)",
					"@executable_path/Frameworks",
				);
				OTHER_LDFLAGS = "$(inherited)";
				PRODUCT_BUNDLE_IDENTIFIER = com.novoda.peepz;
				PRODUCT_NAME = "$(TARGET_NAME)";
				SUPPORTS_MACCATALYST = NO;
				SWIFT_VERSION = 5.0;
				TARGETED_DEVICE_FAMILY = 1;
			};
			name = Release;
		};
/* End XCBuildConfiguration section */

/* Begin XCConfigurationList section */
		90D5DE51251B3D56000856C5 /* Build configuration list for PBXProject "Peepz" */ = {
			isa = XCConfigurationList;
			buildConfigurations = (
				90D5DE79251B3D58000856C5 /* Debug */,
				90D5DE7A251B3D58000856C5 /* Release */,
			);
			defaultConfigurationIsVisible = 0;
			defaultConfigurationName = Release;
		};
		90D5DE7B251B3D58000856C5 /* Build configuration list for PBXNativeTarget "Peepz" */ = {
			isa = XCConfigurationList;
			buildConfigurations = (
				90D5DE7C251B3D58000856C5 /* Debug */,
				90D5DE7D251B3D58000856C5 /* Release */,
			);
			defaultConfigurationIsVisible = 0;
			defaultConfigurationName = Release;
		};
/* End XCConfigurationList section */

/* Begin XCRemoteSwiftPackageReference section */
		B866911B255D8B0100CABD4A /* XCRemoteSwiftPackageReference "SDWebImageSwiftUI" */ = {
			isa = XCRemoteSwiftPackageReference;
			repositoryURL = "https://github.com/SDWebImage/SDWebImageSwiftUI.git";
			requirement = {
				kind = upToNextMajorVersion;
				minimumVersion = 1.5.0;
			};
		};
/* End XCRemoteSwiftPackageReference section */

/* Begin XCSwiftPackageProductDependency section */
		B807B87F2565C66300DC0027 /* Authentication */ = {
			isa = XCSwiftPackageProductDependency;
			productName = Authentication;
		};
		B807B8812565C66300DC0027 /* StorageClient */ = {
			isa = XCSwiftPackageProductDependency;
			productName = StorageClient;
		};
		B807B8872565C68C00DC0027 /* SDWebImageSwiftUI */ = {
			isa = XCSwiftPackageProductDependency;
			package = B866911B255D8B0100CABD4A /* XCRemoteSwiftPackageReference "SDWebImageSwiftUI" */;
			productName = SDWebImageSwiftUI;
		};
/* End XCSwiftPackageProductDependency section */
	};
	rootObject = 90D5DE4E251B3D56000856C5 /* Project object */;
}
