// !$*UTF8*$!
{
	archiveVersion = 1;
	classes = {
	};
	objectVersion = 52;
	objects = {

/* Begin PBXBuildFile section */
		90D5DE5A251B3D56000856C5 /* PeepzApp.swift in Sources */ = {isa = PBXBuildFile; fileRef = 90D5DE59251B3D56000856C5 /* PeepzApp.swift */; };
		90D5DE5C251B3D56000856C5 /* ContentView.swift in Sources */ = {isa = PBXBuildFile; fileRef = 90D5DE5B251B3D56000856C5 /* ContentView.swift */; };
		90D5DE5E251B3D58000856C5 /* Assets.xcassets in Resources */ = {isa = PBXBuildFile; fileRef = 90D5DE5D251B3D58000856C5 /* Assets.xcassets */; };
		90D5DE61251B3D58000856C5 /* Preview Assets.xcassets in Resources */ = {isa = PBXBuildFile; fileRef = 90D5DE60251B3D58000856C5 /* Preview Assets.xcassets */; };
		90D5DE91251BA806000856C5 /* GoogleService-Info.plist in Resources */ = {isa = PBXBuildFile; fileRef = 90D5DE90251BA806000856C5 /* GoogleService-Info.plist */; };
		B830CE502565E80100F405DE /* Authentication in Frameworks */ = {isa = PBXBuildFile; productRef = B830CE4F2565E80100F405DE /* Authentication */; };
		B830CE512565E80100F405DE /* Authentication in Embed Frameworks */ = {isa = PBXBuildFile; productRef = B830CE4F2565E80100F405DE /* Authentication */; settings = {ATTRIBUTES = (CodeSignOnCopy, ); }; };
		B830CE562565E80100F405DE /* StorageClientLive in Frameworks */ = {isa = PBXBuildFile; productRef = B830CE552565E80100F405DE /* StorageClientLive */; };
		B830CE572565E80100F405DE /* StorageClientLive in Embed Frameworks */ = {isa = PBXBuildFile; productRef = B830CE552565E80100F405DE /* StorageClientLive */; settings = {ATTRIBUTES = (CodeSignOnCopy, ); }; };
		B830CE672565E96E00F405DE /* Gallery.framework in Frameworks */ = {isa = PBXBuildFile; fileRef = B830CE5E2565E96D00F405DE /* Gallery.framework */; };
		B830CE6E2565E96E00F405DE /* GalleryTests.swift in Sources */ = {isa = PBXBuildFile; fileRef = B830CE6D2565E96E00F405DE /* GalleryTests.swift */; };
		B830CE702565E96E00F405DE /* Gallery.h in Headers */ = {isa = PBXBuildFile; fileRef = B830CE602565E96D00F405DE /* Gallery.h */; settings = {ATTRIBUTES = (Public, ); }; };
		B830CE732565E96E00F405DE /* Gallery.framework in Frameworks */ = {isa = PBXBuildFile; fileRef = B830CE5E2565E96D00F405DE /* Gallery.framework */; };
		B830CE742565E96E00F405DE /* Gallery.framework in Embed Frameworks */ = {isa = PBXBuildFile; fileRef = B830CE5E2565E96D00F405DE /* Gallery.framework */; settings = {ATTRIBUTES = (CodeSignOnCopy, RemoveHeadersOnCopy, ); }; };
		B830CE8B2565EA7100F405DE /* View.swift in Sources */ = {isa = PBXBuildFile; fileRef = 90FAD0732525EB2800477A70 /* View.swift */; };
		B830CE8C2565EA7100F405DE /* ItemView.swift in Sources */ = {isa = PBXBuildFile; fileRef = 90262FDE25333F99000CA696 /* ItemView.swift */; };
		B830CE992565EB0B00F405DE /* ViewModel.swift in Sources */ = {isa = PBXBuildFile; fileRef = B830CE8F2565EAD900F405DE /* ViewModel.swift */; };
		B830CE9F2565EBE000F405DE /* Authentication in Frameworks */ = {isa = PBXBuildFile; productRef = B830CE9E2565EBE000F405DE /* Authentication */; };
		B830CEA02565EBE000F405DE /* Authentication in Embed Frameworks */ = {isa = PBXBuildFile; productRef = B830CE9E2565EBE000F405DE /* Authentication */; settings = {ATTRIBUTES = (CodeSignOnCopy, ); }; };
		B830CEA22565EBE000F405DE /* StorageClient in Frameworks */ = {isa = PBXBuildFile; productRef = B830CEA12565EBE000F405DE /* StorageClient */; };
		B830CEA32565EBE000F405DE /* StorageClient in Embed Frameworks */ = {isa = PBXBuildFile; productRef = B830CEA12565EBE000F405DE /* StorageClient */; settings = {ATTRIBUTES = (CodeSignOnCopy, ); }; };
		B830CEBC2565F40200F405DE /* Login.framework in Frameworks */ = {isa = PBXBuildFile; fileRef = B830CEB32565F40200F405DE /* Login.framework */; };
		B830CEC32565F40200F405DE /* LoginTests.swift in Sources */ = {isa = PBXBuildFile; fileRef = B830CEC22565F40200F405DE /* LoginTests.swift */; };
		B830CEC52565F40200F405DE /* Login.h in Headers */ = {isa = PBXBuildFile; fileRef = B830CEB52565F40200F405DE /* Login.h */; settings = {ATTRIBUTES = (Public, ); }; };
		B830CEC82565F40200F405DE /* Login.framework in Frameworks */ = {isa = PBXBuildFile; fileRef = B830CEB32565F40200F405DE /* Login.framework */; };
		B830CEC92565F40200F405DE /* Login.framework in Embed Frameworks */ = {isa = PBXBuildFile; fileRef = B830CEB32565F40200F405DE /* Login.framework */; settings = {ATTRIBUTES = (CodeSignOnCopy, RemoveHeadersOnCopy, ); }; };
		B830CEDE2565F44F00F405DE /* View.swift in Sources */ = {isa = PBXBuildFile; fileRef = B895DFE725659331009D7554 /* View.swift */; };
		B830CEE22565F45200F405DE /* ViewModel.swift in Sources */ = {isa = PBXBuildFile; fileRef = B830CEA92565F1AE00F405DE /* ViewModel.swift */; };
		B830CEF12565F50400F405DE /* Authentication in Frameworks */ = {isa = PBXBuildFile; productRef = B830CEF02565F50400F405DE /* Authentication */; };
		B830CEF22565F50400F405DE /* Authentication in Embed Frameworks */ = {isa = PBXBuildFile; productRef = B830CEF02565F50400F405DE /* Authentication */; settings = {ATTRIBUTES = (CodeSignOnCopy, ); }; };
/* End PBXBuildFile section */

/* Begin PBXContainerItemProxy section */
		B830CE682565E96E00F405DE /* PBXContainerItemProxy */ = {
			isa = PBXContainerItemProxy;
			containerPortal = 90D5DE4E251B3D56000856C5 /* Project object */;
			proxyType = 1;
			remoteGlobalIDString = B830CE5D2565E96D00F405DE;
			remoteInfo = Gallery;
		};
		B830CE6A2565E96E00F405DE /* PBXContainerItemProxy */ = {
			isa = PBXContainerItemProxy;
			containerPortal = 90D5DE4E251B3D56000856C5 /* Project object */;
			proxyType = 1;
			remoteGlobalIDString = 90D5DE55251B3D56000856C5;
			remoteInfo = Peepz;
		};
		B830CE712565E96E00F405DE /* PBXContainerItemProxy */ = {
			isa = PBXContainerItemProxy;
			containerPortal = 90D5DE4E251B3D56000856C5 /* Project object */;
			proxyType = 1;
			remoteGlobalIDString = B830CE5D2565E96D00F405DE;
			remoteInfo = Gallery;
		};
		B830CEBD2565F40200F405DE /* PBXContainerItemProxy */ = {
			isa = PBXContainerItemProxy;
			containerPortal = 90D5DE4E251B3D56000856C5 /* Project object */;
			proxyType = 1;
			remoteGlobalIDString = B830CEB22565F40200F405DE;
			remoteInfo = Login;
		};
		B830CEBF2565F40200F405DE /* PBXContainerItemProxy */ = {
			isa = PBXContainerItemProxy;
			containerPortal = 90D5DE4E251B3D56000856C5 /* Project object */;
			proxyType = 1;
			remoteGlobalIDString = 90D5DE55251B3D56000856C5;
			remoteInfo = Peepz;
		};
		B830CEC62565F40200F405DE /* PBXContainerItemProxy */ = {
			isa = PBXContainerItemProxy;
			containerPortal = 90D5DE4E251B3D56000856C5 /* Project object */;
			proxyType = 1;
			remoteGlobalIDString = B830CEB22565F40200F405DE;
			remoteInfo = Login;
		};
/* End PBXContainerItemProxy section */

/* Begin PBXCopyFilesBuildPhase section */
		B830CEA42565EBE000F405DE /* Embed Frameworks */ = {
			isa = PBXCopyFilesBuildPhase;
			buildActionMask = 2147483647;
			dstPath = "";
			dstSubfolderSpec = 10;
			files = (
				B830CEA02565EBE000F405DE /* Authentication in Embed Frameworks */,
				B830CEA32565EBE000F405DE /* StorageClient in Embed Frameworks */,
			);
			name = "Embed Frameworks";
			runOnlyForDeploymentPostprocessing = 0;
		};
		B830CEF32565F50400F405DE /* Embed Frameworks */ = {
			isa = PBXCopyFilesBuildPhase;
			buildActionMask = 2147483647;
			dstPath = "";
			dstSubfolderSpec = 10;
			files = (
				B830CEF22565F50400F405DE /* Authentication in Embed Frameworks */,
			);
			name = "Embed Frameworks";
			runOnlyForDeploymentPostprocessing = 0;
		};
		B8D89F8F2565E71200448883 /* Embed Frameworks */ = {
			isa = PBXCopyFilesBuildPhase;
			buildActionMask = 2147483647;
			dstPath = "";
			dstSubfolderSpec = 10;
			files = (
				B830CEC92565F40200F405DE /* Login.framework in Embed Frameworks */,
				B830CE742565E96E00F405DE /* Gallery.framework in Embed Frameworks */,
				B830CE512565E80100F405DE /* Authentication in Embed Frameworks */,
				B830CE572565E80100F405DE /* StorageClientLive in Embed Frameworks */,
			);
			name = "Embed Frameworks";
			runOnlyForDeploymentPostprocessing = 0;
		};
/* End PBXCopyFilesBuildPhase section */

/* Begin PBXFileReference section */
		90262FDE25333F99000CA696 /* ItemView.swift */ = {isa = PBXFileReference; lastKnownFileType = sourcecode.swift; path = ItemView.swift; sourceTree = "<group>"; };
		90460A0D2523415900DB743E /* Peepz.entitlements */ = {isa = PBXFileReference; lastKnownFileType = text.plist.entitlements; path = Peepz.entitlements; sourceTree = "<group>"; };
		90D5DE56251B3D56000856C5 /* Peepz.app */ = {isa = PBXFileReference; explicitFileType = wrapper.application; includeInIndex = 0; path = Peepz.app; sourceTree = BUILT_PRODUCTS_DIR; };
		90D5DE59251B3D56000856C5 /* PeepzApp.swift */ = {isa = PBXFileReference; lastKnownFileType = sourcecode.swift; path = PeepzApp.swift; sourceTree = "<group>"; };
		90D5DE5B251B3D56000856C5 /* ContentView.swift */ = {isa = PBXFileReference; lastKnownFileType = sourcecode.swift; path = ContentView.swift; sourceTree = "<group>"; };
		90D5DE5D251B3D58000856C5 /* Assets.xcassets */ = {isa = PBXFileReference; lastKnownFileType = folder.assetcatalog; path = Assets.xcassets; sourceTree = "<group>"; };
		90D5DE60251B3D58000856C5 /* Preview Assets.xcassets */ = {isa = PBXFileReference; lastKnownFileType = folder.assetcatalog; path = "Preview Assets.xcassets"; sourceTree = "<group>"; };
		90D5DE62251B3D58000856C5 /* Info.plist */ = {isa = PBXFileReference; lastKnownFileType = text.plist.xml; path = Info.plist; sourceTree = "<group>"; };
		90D5DE90251BA806000856C5 /* GoogleService-Info.plist */ = {isa = PBXFileReference; fileEncoding = 4; lastKnownFileType = text.plist.xml; path = "GoogleService-Info.plist"; sourceTree = "<group>"; };
		90FAD0732525EB2800477A70 /* View.swift */ = {isa = PBXFileReference; lastKnownFileType = sourcecode.swift; path = View.swift; sourceTree = "<group>"; };
		B830CE5E2565E96D00F405DE /* Gallery.framework */ = {isa = PBXFileReference; explicitFileType = wrapper.framework; includeInIndex = 0; path = Gallery.framework; sourceTree = BUILT_PRODUCTS_DIR; };
		B830CE602565E96D00F405DE /* Gallery.h */ = {isa = PBXFileReference; lastKnownFileType = sourcecode.c.h; path = Gallery.h; sourceTree = "<group>"; };
		B830CE612565E96D00F405DE /* Info.plist */ = {isa = PBXFileReference; lastKnownFileType = text.plist.xml; path = Info.plist; sourceTree = "<group>"; };
		B830CE662565E96E00F405DE /* GalleryTests.xctest */ = {isa = PBXFileReference; explicitFileType = wrapper.cfbundle; includeInIndex = 0; path = GalleryTests.xctest; sourceTree = BUILT_PRODUCTS_DIR; };
		B830CE6D2565E96E00F405DE /* GalleryTests.swift */ = {isa = PBXFileReference; lastKnownFileType = sourcecode.swift; path = GalleryTests.swift; sourceTree = "<group>"; };
		B830CE6F2565E96E00F405DE /* Info.plist */ = {isa = PBXFileReference; lastKnownFileType = text.plist.xml; path = Info.plist; sourceTree = "<group>"; };
		B830CE8F2565EAD900F405DE /* ViewModel.swift */ = {isa = PBXFileReference; lastKnownFileType = sourcecode.swift; path = ViewModel.swift; sourceTree = "<group>"; };
		B830CEA92565F1AE00F405DE /* ViewModel.swift */ = {isa = PBXFileReference; lastKnownFileType = sourcecode.swift; path = ViewModel.swift; sourceTree = "<group>"; };
		B830CEB32565F40200F405DE /* Login.framework */ = {isa = PBXFileReference; explicitFileType = wrapper.framework; includeInIndex = 0; path = Login.framework; sourceTree = BUILT_PRODUCTS_DIR; };
		B830CEB52565F40200F405DE /* Login.h */ = {isa = PBXFileReference; lastKnownFileType = sourcecode.c.h; path = Login.h; sourceTree = "<group>"; };
		B830CEB62565F40200F405DE /* Info.plist */ = {isa = PBXFileReference; lastKnownFileType = text.plist.xml; path = Info.plist; sourceTree = "<group>"; };
		B830CEBB2565F40200F405DE /* LoginTests.xctest */ = {isa = PBXFileReference; explicitFileType = wrapper.cfbundle; includeInIndex = 0; path = LoginTests.xctest; sourceTree = BUILT_PRODUCTS_DIR; };
		B830CEC22565F40200F405DE /* LoginTests.swift */ = {isa = PBXFileReference; lastKnownFileType = sourcecode.swift; path = LoginTests.swift; sourceTree = "<group>"; };
		B830CEC42565F40200F405DE /* Info.plist */ = {isa = PBXFileReference; lastKnownFileType = text.plist.xml; path = Info.plist; sourceTree = "<group>"; };
		B895DFE5256592FD009D7554 /* StorageClient */ = {isa = PBXFileReference; lastKnownFileType = folder; path = StorageClient; sourceTree = "<group>"; };
		B895DFE6256592FD009D7554 /* Authentication */ = {isa = PBXFileReference; lastKnownFileType = folder; path = Authentication; sourceTree = "<group>"; };
		B895DFE725659331009D7554 /* View.swift */ = {isa = PBXFileReference; lastKnownFileType = sourcecode.swift; path = View.swift; sourceTree = "<group>"; };
/* End PBXFileReference section */

/* Begin PBXFrameworksBuildPhase section */
		90D5DE53251B3D56000856C5 /* Frameworks */ = {
			isa = PBXFrameworksBuildPhase;
			buildActionMask = 2147483647;
			files = (
				B830CEC82565F40200F405DE /* Login.framework in Frameworks */,
				B830CE732565E96E00F405DE /* Gallery.framework in Frameworks */,
				B830CE502565E80100F405DE /* Authentication in Frameworks */,
				B830CE562565E80100F405DE /* StorageClientLive in Frameworks */,
			);
			runOnlyForDeploymentPostprocessing = 0;
		};
		B830CE5B2565E96D00F405DE /* Frameworks */ = {
			isa = PBXFrameworksBuildPhase;
			buildActionMask = 2147483647;
			files = (
				B830CE9F2565EBE000F405DE /* Authentication in Frameworks */,
				B830CEA22565EBE000F405DE /* StorageClient in Frameworks */,
			);
			runOnlyForDeploymentPostprocessing = 0;
		};
		B830CE632565E96E00F405DE /* Frameworks */ = {
			isa = PBXFrameworksBuildPhase;
			buildActionMask = 2147483647;
			files = (
				B830CE672565E96E00F405DE /* Gallery.framework in Frameworks */,
			);
			runOnlyForDeploymentPostprocessing = 0;
		};
		B830CEB02565F40200F405DE /* Frameworks */ = {
			isa = PBXFrameworksBuildPhase;
			buildActionMask = 2147483647;
			files = (
				B830CEF12565F50400F405DE /* Authentication in Frameworks */,
			);
			runOnlyForDeploymentPostprocessing = 0;
		};
		B830CEB82565F40200F405DE /* Frameworks */ = {
			isa = PBXFrameworksBuildPhase;
			buildActionMask = 2147483647;
			files = (
				B830CEBC2565F40200F405DE /* Login.framework in Frameworks */,
			);
			runOnlyForDeploymentPostprocessing = 0;
		};
/* End PBXFrameworksBuildPhase section */

/* Begin PBXGroup section */
		90D5DE4D251B3D56000856C5 = {
			isa = PBXGroup;
			children = (
				90D5DE58251B3D56000856C5 /* Peepz */,
				90D5DE57251B3D56000856C5 /* Products */,
				B830CEEF2565F50400F405DE /* Frameworks */,
			);
			sourceTree = "<group>";
		};
		90D5DE57251B3D56000856C5 /* Products */ = {
			isa = PBXGroup;
			children = (
				90D5DE56251B3D56000856C5 /* Peepz.app */,
				B830CE5E2565E96D00F405DE /* Gallery.framework */,
				B830CE662565E96E00F405DE /* GalleryTests.xctest */,
				B830CEB32565F40200F405DE /* Login.framework */,
				B830CEBB2565F40200F405DE /* LoginTests.xctest */,
			);
			name = Products;
			sourceTree = "<group>";
		};
		90D5DE58251B3D56000856C5 /* Peepz */ = {
			isa = PBXGroup;
			children = (
				B895DFE2256592D6009D7554 /* Dependencies */,
				B830CE582565E93D00F405DE /* Features */,
				90E644652524C18C00B07DEB /* Main */,
				90460A0D2523415900DB743E /* Peepz.entitlements */,
				90D5DE90251BA806000856C5 /* GoogleService-Info.plist */,
				90D5DE59251B3D56000856C5 /* PeepzApp.swift */,
				90D5DE5D251B3D58000856C5 /* Assets.xcassets */,
				90D5DE62251B3D58000856C5 /* Info.plist */,
				90D5DE5F251B3D58000856C5 /* Preview Content */,
			);
			path = Peepz;
			sourceTree = "<group>";
		};
		90D5DE5F251B3D58000856C5 /* Preview Content */ = {
			isa = PBXGroup;
			children = (
				90D5DE60251B3D58000856C5 /* Preview Assets.xcassets */,
			);
			path = "Preview Content";
			sourceTree = "<group>";
		};
		90E644652524C18C00B07DEB /* Main */ = {
			isa = PBXGroup;
			children = (
				B8A40DB32565983C00E5EAC8 /* Login */,
				90D5DE5B251B3D56000856C5 /* ContentView.swift */,
			);
			path = Main;
			sourceTree = "<group>";
		};
		B830CE582565E93D00F405DE /* Features */ = {
			isa = PBXGroup;
			children = (
				B830CE5F2565E96D00F405DE /* Gallery */,
				B830CEB42565F40200F405DE /* Login */,
			);
			path = Features;
			sourceTree = "<group>";
		};
		B830CE5F2565E96D00F405DE /* Gallery */ = {
			isa = PBXGroup;
			children = (
				B830CE7D2565E98000F405DE /* Sources */,
				B830CE7E2565E98600F405DE /* Tests */,
			);
			path = Gallery;
			sourceTree = "<group>";
		};
		B830CE7D2565E98000F405DE /* Sources */ = {
			isa = PBXGroup;
			children = (
				90FAD0732525EB2800477A70 /* View.swift */,
				90262FDE25333F99000CA696 /* ItemView.swift */,
				B830CE8F2565EAD900F405DE /* ViewModel.swift */,
				B830CE612565E96D00F405DE /* Info.plist */,
				B830CE602565E96D00F405DE /* Gallery.h */,
			);
			path = Sources;
			sourceTree = "<group>";
		};
		B830CE7E2565E98600F405DE /* Tests */ = {
			isa = PBXGroup;
			children = (
				B830CE6F2565E96E00F405DE /* Info.plist */,
				B830CE6D2565E96E00F405DE /* GalleryTests.swift */,
			);
			path = Tests;
			sourceTree = "<group>";
		};
		B830CEB42565F40200F405DE /* Login */ = {
			isa = PBXGroup;
			children = (
				B830CED92565F41300F405DE /* Sources */,
				B830CEDA2565F41B00F405DE /* Tests */,
			);
			path = Login;
			sourceTree = "<group>";
		};
		B830CED92565F41300F405DE /* Sources */ = {
			isa = PBXGroup;
			children = (
				B830CEA92565F1AE00F405DE /* ViewModel.swift */,
				B895DFE725659331009D7554 /* View.swift */,
				B830CEB52565F40200F405DE /* Login.h */,
				B830CEB62565F40200F405DE /* Info.plist */,
			);
			path = Sources;
			sourceTree = "<group>";
		};
		B830CEDA2565F41B00F405DE /* Tests */ = {
			isa = PBXGroup;
			children = (
				B830CEC22565F40200F405DE /* LoginTests.swift */,
				B830CEC42565F40200F405DE /* Info.plist */,
			);
			path = Tests;
			sourceTree = "<group>";
		};
		B830CEEF2565F50400F405DE /* Frameworks */ = {
			isa = PBXGroup;
			children = (
			);
			name = Frameworks;
			sourceTree = "<group>";
		};
		B895DFE2256592D6009D7554 /* Dependencies */ = {
			isa = PBXGroup;
			children = (
				B895DFE6256592FD009D7554 /* Authentication */,
				B895DFE5256592FD009D7554 /* StorageClient */,
			);
			path = Dependencies;
			sourceTree = "<group>";
		};
		B8A40DB32565983C00E5EAC8 /* Login */ = {
			isa = PBXGroup;
			children = (
			);
			path = Login;
			sourceTree = "<group>";
		};
/* End PBXGroup section */

/* Begin PBXHeadersBuildPhase section */
		B830CE592565E96D00F405DE /* Headers */ = {
			isa = PBXHeadersBuildPhase;
			buildActionMask = 2147483647;
			files = (
				B830CE702565E96E00F405DE /* Gallery.h in Headers */,
			);
			runOnlyForDeploymentPostprocessing = 0;
		};
		B830CEAE2565F40200F405DE /* Headers */ = {
			isa = PBXHeadersBuildPhase;
			buildActionMask = 2147483647;
			files = (
				B830CEC52565F40200F405DE /* Login.h in Headers */,
			);
			runOnlyForDeploymentPostprocessing = 0;
		};
/* End PBXHeadersBuildPhase section */

/* Begin PBXNativeTarget section */
		90D5DE55251B3D56000856C5 /* Peepz */ = {
			isa = PBXNativeTarget;
			buildConfigurationList = 90D5DE7B251B3D58000856C5 /* Build configuration list for PBXNativeTarget "Peepz" */;
			buildPhases = (
				90D5DE52251B3D56000856C5 /* Sources */,
				90D5DE53251B3D56000856C5 /* Frameworks */,
				90D5DE54251B3D56000856C5 /* Resources */,
				B8D89F8F2565E71200448883 /* Embed Frameworks */,
			);
			buildRules = (
			);
			dependencies = (
				B830CE722565E96E00F405DE /* PBXTargetDependency */,
				B830CEC72565F40200F405DE /* PBXTargetDependency */,
			);
			name = Peepz;
			packageProductDependencies = (
				B830CE4F2565E80100F405DE /* Authentication */,
				B830CE552565E80100F405DE /* StorageClientLive */,
			);
			productName = Peepz;
			productReference = 90D5DE56251B3D56000856C5 /* Peepz.app */;
			productType = "com.apple.product-type.application";
		};
		B830CE5D2565E96D00F405DE /* Gallery */ = {
			isa = PBXNativeTarget;
			buildConfigurationList = B830CE752565E96E00F405DE /* Build configuration list for PBXNativeTarget "Gallery" */;
			buildPhases = (
				B830CE592565E96D00F405DE /* Headers */,
				B830CE5A2565E96D00F405DE /* Sources */,
				B830CE5B2565E96D00F405DE /* Frameworks */,
				B830CE5C2565E96D00F405DE /* Resources */,
				B830CEA42565EBE000F405DE /* Embed Frameworks */,
			);
			buildRules = (
			);
			dependencies = (
			);
			name = Gallery;
			packageProductDependencies = (
				B830CE9E2565EBE000F405DE /* Authentication */,
				B830CEA12565EBE000F405DE /* StorageClient */,
			);
			productName = Gallery;
			productReference = B830CE5E2565E96D00F405DE /* Gallery.framework */;
			productType = "com.apple.product-type.framework";
		};
		B830CE652565E96E00F405DE /* GalleryTests */ = {
			isa = PBXNativeTarget;
			buildConfigurationList = B830CE782565E96E00F405DE /* Build configuration list for PBXNativeTarget "GalleryTests" */;
			buildPhases = (
				B830CE622565E96E00F405DE /* Sources */,
				B830CE632565E96E00F405DE /* Frameworks */,
				B830CE642565E96E00F405DE /* Resources */,
			);
			buildRules = (
			);
			dependencies = (
				B830CE692565E96E00F405DE /* PBXTargetDependency */,
				B830CE6B2565E96E00F405DE /* PBXTargetDependency */,
			);
			name = GalleryTests;
			productName = GalleryTests;
			productReference = B830CE662565E96E00F405DE /* GalleryTests.xctest */;
			productType = "com.apple.product-type.bundle.unit-test";
		};
		B830CEB22565F40200F405DE /* Login */ = {
			isa = PBXNativeTarget;
			buildConfigurationList = B830CECA2565F40200F405DE /* Build configuration list for PBXNativeTarget "Login" */;
			buildPhases = (
				B830CEAE2565F40200F405DE /* Headers */,
				B830CEAF2565F40200F405DE /* Sources */,
				B830CEB02565F40200F405DE /* Frameworks */,
				B830CEB12565F40200F405DE /* Resources */,
				B830CEF32565F50400F405DE /* Embed Frameworks */,
			);
			buildRules = (
			);
			dependencies = (
			);
			name = Login;
			packageProductDependencies = (
				B830CEF02565F50400F405DE /* Authentication */,
			);
			productName = Login;
			productReference = B830CEB32565F40200F405DE /* Login.framework */;
			productType = "com.apple.product-type.framework";
		};
		B830CEBA2565F40200F405DE /* LoginTests */ = {
			isa = PBXNativeTarget;
			buildConfigurationList = B830CECD2565F40200F405DE /* Build configuration list for PBXNativeTarget "LoginTests" */;
			buildPhases = (
				B830CEB72565F40200F405DE /* Sources */,
				B830CEB82565F40200F405DE /* Frameworks */,
				B830CEB92565F40200F405DE /* Resources */,
			);
			buildRules = (
			);
			dependencies = (
				B830CEBE2565F40200F405DE /* PBXTargetDependency */,
				B830CEC02565F40200F405DE /* PBXTargetDependency */,
			);
			name = LoginTests;
			productName = LoginTests;
			productReference = B830CEBB2565F40200F405DE /* LoginTests.xctest */;
			productType = "com.apple.product-type.bundle.unit-test";
		};
/* End PBXNativeTarget section */

/* Begin PBXProject section */
		90D5DE4E251B3D56000856C5 /* Project object */ = {
			isa = PBXProject;
			attributes = {
				LastSwiftUpdateCheck = 1220;
				LastUpgradeCheck = 1200;
				TargetAttributes = {
					90D5DE55251B3D56000856C5 = {
						CreatedOnToolsVersion = 12.0;
					};
					B830CE5D2565E96D00F405DE = {
						CreatedOnToolsVersion = 12.2;
					};
					B830CE652565E96E00F405DE = {
						CreatedOnToolsVersion = 12.2;
						TestTargetID = 90D5DE55251B3D56000856C5;
					};
					B830CEB22565F40200F405DE = {
						CreatedOnToolsVersion = 12.2;
					};
					B830CEBA2565F40200F405DE = {
						CreatedOnToolsVersion = 12.2;
						TestTargetID = 90D5DE55251B3D56000856C5;
					};
				};
			};
			buildConfigurationList = 90D5DE51251B3D56000856C5 /* Build configuration list for PBXProject "Peepz" */;
			compatibilityVersion = "Xcode 9.3";
			developmentRegion = en;
			hasScannedForEncodings = 0;
			knownRegions = (
				en,
				Base,
			);
			mainGroup = 90D5DE4D251B3D56000856C5;
			packageReferences = (
			);
			productRefGroup = 90D5DE57251B3D56000856C5 /* Products */;
			projectDirPath = "";
			projectRoot = "";
			targets = (
				90D5DE55251B3D56000856C5 /* Peepz */,
				B830CE5D2565E96D00F405DE /* Gallery */,
				B830CE652565E96E00F405DE /* GalleryTests */,
				B830CEB22565F40200F405DE /* Login */,
				B830CEBA2565F40200F405DE /* LoginTests */,
			);
		};
/* End PBXProject section */

/* Begin PBXResourcesBuildPhase section */
		90D5DE54251B3D56000856C5 /* Resources */ = {
			isa = PBXResourcesBuildPhase;
			buildActionMask = 2147483647;
			files = (
				90D5DE61251B3D58000856C5 /* Preview Assets.xcassets in Resources */,
				90D5DE5E251B3D58000856C5 /* Assets.xcassets in Resources */,
				90D5DE91251BA806000856C5 /* GoogleService-Info.plist in Resources */,
			);
			runOnlyForDeploymentPostprocessing = 0;
		};
		B830CE5C2565E96D00F405DE /* Resources */ = {
			isa = PBXResourcesBuildPhase;
			buildActionMask = 2147483647;
			files = (
			);
			runOnlyForDeploymentPostprocessing = 0;
		};
		B830CE642565E96E00F405DE /* Resources */ = {
			isa = PBXResourcesBuildPhase;
			buildActionMask = 2147483647;
			files = (
			);
			runOnlyForDeploymentPostprocessing = 0;
		};
		B830CEB12565F40200F405DE /* Resources */ = {
			isa = PBXResourcesBuildPhase;
			buildActionMask = 2147483647;
			files = (
			);
			runOnlyForDeploymentPostprocessing = 0;
		};
		B830CEB92565F40200F405DE /* Resources */ = {
			isa = PBXResourcesBuildPhase;
			buildActionMask = 2147483647;
			files = (
			);
			runOnlyForDeploymentPostprocessing = 0;
		};
/* End PBXResourcesBuildPhase section */

/* Begin PBXSourcesBuildPhase section */
		90D5DE52251B3D56000856C5 /* Sources */ = {
			isa = PBXSourcesBuildPhase;
			buildActionMask = 2147483647;
			files = (
				90D5DE5C251B3D56000856C5 /* ContentView.swift in Sources */,
				90D5DE5A251B3D56000856C5 /* PeepzApp.swift in Sources */,
			);
			runOnlyForDeploymentPostprocessing = 0;
		};
		B830CE5A2565E96D00F405DE /* Sources */ = {
			isa = PBXSourcesBuildPhase;
			buildActionMask = 2147483647;
			files = (
				B830CE8C2565EA7100F405DE /* ItemView.swift in Sources */,
				B830CE992565EB0B00F405DE /* ViewModel.swift in Sources */,
				B830CE8B2565EA7100F405DE /* View.swift in Sources */,
			);
			runOnlyForDeploymentPostprocessing = 0;
		};
		B830CE622565E96E00F405DE /* Sources */ = {
			isa = PBXSourcesBuildPhase;
			buildActionMask = 2147483647;
			files = (
				B830CE6E2565E96E00F405DE /* GalleryTests.swift in Sources */,
			);
			runOnlyForDeploymentPostprocessing = 0;
		};
		B830CEAF2565F40200F405DE /* Sources */ = {
			isa = PBXSourcesBuildPhase;
			buildActionMask = 2147483647;
			files = (
				B830CEE22565F45200F405DE /* ViewModel.swift in Sources */,
				B830CEDE2565F44F00F405DE /* View.swift in Sources */,
			);
			runOnlyForDeploymentPostprocessing = 0;
		};
		B830CEB72565F40200F405DE /* Sources */ = {
			isa = PBXSourcesBuildPhase;
			buildActionMask = 2147483647;
			files = (
				B830CEC32565F40200F405DE /* LoginTests.swift in Sources */,
			);
			runOnlyForDeploymentPostprocessing = 0;
		};
/* End PBXSourcesBuildPhase section */

/* Begin PBXTargetDependency section */
		B830CE692565E96E00F405DE /* PBXTargetDependency */ = {
			isa = PBXTargetDependency;
			target = B830CE5D2565E96D00F405DE /* Gallery */;
			targetProxy = B830CE682565E96E00F405DE /* PBXContainerItemProxy */;
		};
		B830CE6B2565E96E00F405DE /* PBXTargetDependency */ = {
			isa = PBXTargetDependency;
			target = 90D5DE55251B3D56000856C5 /* Peepz */;
			targetProxy = B830CE6A2565E96E00F405DE /* PBXContainerItemProxy */;
		};
		B830CE722565E96E00F405DE /* PBXTargetDependency */ = {
			isa = PBXTargetDependency;
			target = B830CE5D2565E96D00F405DE /* Gallery */;
			targetProxy = B830CE712565E96E00F405DE /* PBXContainerItemProxy */;
		};
		B830CEBE2565F40200F405DE /* PBXTargetDependency */ = {
			isa = PBXTargetDependency;
			target = B830CEB22565F40200F405DE /* Login */;
			targetProxy = B830CEBD2565F40200F405DE /* PBXContainerItemProxy */;
		};
		B830CEC02565F40200F405DE /* PBXTargetDependency */ = {
			isa = PBXTargetDependency;
			target = 90D5DE55251B3D56000856C5 /* Peepz */;
			targetProxy = B830CEBF2565F40200F405DE /* PBXContainerItemProxy */;
		};
		B830CEC72565F40200F405DE /* PBXTargetDependency */ = {
			isa = PBXTargetDependency;
			target = B830CEB22565F40200F405DE /* Login */;
			targetProxy = B830CEC62565F40200F405DE /* PBXContainerItemProxy */;
		};
/* End PBXTargetDependency section */

/* Begin XCBuildConfiguration section */
		90D5DE79251B3D58000856C5 /* Debug */ = {
			isa = XCBuildConfiguration;
			buildSettings = {
				ALWAYS_SEARCH_USER_PATHS = NO;
				CLANG_ANALYZER_NONNULL = YES;
				CLANG_ANALYZER_NUMBER_OBJECT_CONVERSION = YES_AGGRESSIVE;
				CLANG_CXX_LANGUAGE_STANDARD = "gnu++14";
				CLANG_CXX_LIBRARY = "libc++";
				CLANG_ENABLE_MODULES = YES;
				CLANG_ENABLE_OBJC_ARC = YES;
				CLANG_ENABLE_OBJC_WEAK = YES;
				CLANG_WARN_BLOCK_CAPTURE_AUTORELEASING = YES;
				CLANG_WARN_BOOL_CONVERSION = YES;
				CLANG_WARN_COMMA = YES;
				CLANG_WARN_CONSTANT_CONVERSION = YES;
				CLANG_WARN_DEPRECATED_OBJC_IMPLEMENTATIONS = YES;
				CLANG_WARN_DIRECT_OBJC_ISA_USAGE = YES_ERROR;
				CLANG_WARN_DOCUMENTATION_COMMENTS = YES;
				CLANG_WARN_EMPTY_BODY = YES;
				CLANG_WARN_ENUM_CONVERSION = YES;
				CLANG_WARN_INFINITE_RECURSION = YES;
				CLANG_WARN_INT_CONVERSION = YES;
				CLANG_WARN_NON_LITERAL_NULL_CONVERSION = YES;
				CLANG_WARN_OBJC_IMPLICIT_RETAIN_SELF = YES;
				CLANG_WARN_OBJC_LITERAL_CONVERSION = YES;
				CLANG_WARN_OBJC_ROOT_CLASS = YES_ERROR;
				CLANG_WARN_QUOTED_INCLUDE_IN_FRAMEWORK_HEADER = YES;
				CLANG_WARN_RANGE_LOOP_ANALYSIS = YES;
				CLANG_WARN_STRICT_PROTOTYPES = YES;
				CLANG_WARN_SUSPICIOUS_MOVE = YES;
				CLANG_WARN_UNGUARDED_AVAILABILITY = YES_AGGRESSIVE;
				CLANG_WARN_UNREACHABLE_CODE = YES;
				CLANG_WARN__DUPLICATE_METHOD_MATCH = YES;
				COPY_PHASE_STRIP = NO;
				DEBUG_INFORMATION_FORMAT = dwarf;
				ENABLE_STRICT_OBJC_MSGSEND = YES;
				ENABLE_TESTABILITY = YES;
				GCC_C_LANGUAGE_STANDARD = gnu11;
				GCC_DYNAMIC_NO_PIC = NO;
				GCC_NO_COMMON_BLOCKS = YES;
				GCC_OPTIMIZATION_LEVEL = 0;
				GCC_PREPROCESSOR_DEFINITIONS = (
					"DEBUG=1",
					"$(inherited)",
				);
				GCC_WARN_64_TO_32_BIT_CONVERSION = YES;
				GCC_WARN_ABOUT_RETURN_TYPE = YES_ERROR;
				GCC_WARN_UNDECLARED_SELECTOR = YES;
				GCC_WARN_UNINITIALIZED_AUTOS = YES_AGGRESSIVE;
				GCC_WARN_UNUSED_FUNCTION = YES;
				GCC_WARN_UNUSED_VARIABLE = YES;
				IPHONEOS_DEPLOYMENT_TARGET = 14.0;
				MTL_ENABLE_DEBUG_INFO = INCLUDE_SOURCE;
				MTL_FAST_MATH = YES;
				ONLY_ACTIVE_ARCH = YES;
				SDKROOT = iphoneos;
				SWIFT_ACTIVE_COMPILATION_CONDITIONS = DEBUG;
				SWIFT_OPTIMIZATION_LEVEL = "-Onone";
			};
			name = Debug;
		};
		90D5DE7A251B3D58000856C5 /* Release */ = {
			isa = XCBuildConfiguration;
			buildSettings = {
				ALWAYS_SEARCH_USER_PATHS = NO;
				CLANG_ANALYZER_NONNULL = YES;
				CLANG_ANALYZER_NUMBER_OBJECT_CONVERSION = YES_AGGRESSIVE;
				CLANG_CXX_LANGUAGE_STANDARD = "gnu++14";
				CLANG_CXX_LIBRARY = "libc++";
				CLANG_ENABLE_MODULES = YES;
				CLANG_ENABLE_OBJC_ARC = YES;
				CLANG_ENABLE_OBJC_WEAK = YES;
				CLANG_WARN_BLOCK_CAPTURE_AUTORELEASING = YES;
				CLANG_WARN_BOOL_CONVERSION = YES;
				CLANG_WARN_COMMA = YES;
				CLANG_WARN_CONSTANT_CONVERSION = YES;
				CLANG_WARN_DEPRECATED_OBJC_IMPLEMENTATIONS = YES;
				CLANG_WARN_DIRECT_OBJC_ISA_USAGE = YES_ERROR;
				CLANG_WARN_DOCUMENTATION_COMMENTS = YES;
				CLANG_WARN_EMPTY_BODY = YES;
				CLANG_WARN_ENUM_CONVERSION = YES;
				CLANG_WARN_INFINITE_RECURSION = YES;
				CLANG_WARN_INT_CONVERSION = YES;
				CLANG_WARN_NON_LITERAL_NULL_CONVERSION = YES;
				CLANG_WARN_OBJC_IMPLICIT_RETAIN_SELF = YES;
				CLANG_WARN_OBJC_LITERAL_CONVERSION = YES;
				CLANG_WARN_OBJC_ROOT_CLASS = YES_ERROR;
				CLANG_WARN_QUOTED_INCLUDE_IN_FRAMEWORK_HEADER = YES;
				CLANG_WARN_RANGE_LOOP_ANALYSIS = YES;
				CLANG_WARN_STRICT_PROTOTYPES = YES;
				CLANG_WARN_SUSPICIOUS_MOVE = YES;
				CLANG_WARN_UNGUARDED_AVAILABILITY = YES_AGGRESSIVE;
				CLANG_WARN_UNREACHABLE_CODE = YES;
				CLANG_WARN__DUPLICATE_METHOD_MATCH = YES;
				COPY_PHASE_STRIP = NO;
				DEBUG_INFORMATION_FORMAT = "dwarf-with-dsym";
				ENABLE_NS_ASSERTIONS = NO;
				ENABLE_STRICT_OBJC_MSGSEND = YES;
				GCC_C_LANGUAGE_STANDARD = gnu11;
				GCC_NO_COMMON_BLOCKS = YES;
				GCC_WARN_64_TO_32_BIT_CONVERSION = YES;
				GCC_WARN_ABOUT_RETURN_TYPE = YES_ERROR;
				GCC_WARN_UNDECLARED_SELECTOR = YES;
				GCC_WARN_UNINITIALIZED_AUTOS = YES_AGGRESSIVE;
				GCC_WARN_UNUSED_FUNCTION = YES;
				GCC_WARN_UNUSED_VARIABLE = YES;
				IPHONEOS_DEPLOYMENT_TARGET = 14.0;
				MTL_ENABLE_DEBUG_INFO = NO;
				MTL_FAST_MATH = YES;
				SDKROOT = iphoneos;
				SWIFT_COMPILATION_MODE = wholemodule;
				SWIFT_OPTIMIZATION_LEVEL = "-O";
				VALIDATE_PRODUCT = YES;
			};
			name = Release;
		};
		90D5DE7C251B3D58000856C5 /* Debug */ = {
			isa = XCBuildConfiguration;
			buildSettings = {
				ALWAYS_EMBED_SWIFT_STANDARD_LIBRARIES = YES;
				ASSETCATALOG_COMPILER_APPICON_NAME = AppIcon;
				ASSETCATALOG_COMPILER_GLOBAL_ACCENT_COLOR_NAME = AccentColor;
				CODE_SIGN_ENTITLEMENTS = Peepz/Peepz.entitlements;
				CODE_SIGN_STYLE = Automatic;
				DEVELOPMENT_ASSET_PATHS = "";
				DEVELOPMENT_TEAM = 6344MVRY42;
				ENABLE_PREVIEWS = YES;
				FRAMEWORK_SEARCH_PATHS = (
					"$(inherited)",
					"$(PROJECT_DIR)/Peepz/Frameworks",
				);
				INFOPLIST_FILE = Peepz/Info.plist;
				IPHONEOS_DEPLOYMENT_TARGET = 14.0;
				LD_RUNPATH_SEARCH_PATHS = (
					"$(inherited)",
					"@executable_path/Frameworks",
				);
				OTHER_LDFLAGS = "$(inherited)";
				PRODUCT_BUNDLE_IDENTIFIER = com.novoda.peepz;
				PRODUCT_NAME = "$(TARGET_NAME)";
				SUPPORTS_MACCATALYST = NO;
				SWIFT_VERSION = 5.0;
				TARGETED_DEVICE_FAMILY = 1;
			};
			name = Debug;
		};
		90D5DE7D251B3D58000856C5 /* Release */ = {
			isa = XCBuildConfiguration;
			buildSettings = {
				ALWAYS_EMBED_SWIFT_STANDARD_LIBRARIES = YES;
				ASSETCATALOG_COMPILER_APPICON_NAME = AppIcon;
				ASSETCATALOG_COMPILER_GLOBAL_ACCENT_COLOR_NAME = AccentColor;
				CODE_SIGN_ENTITLEMENTS = Peepz/Peepz.entitlements;
				CODE_SIGN_STYLE = Automatic;
				DEVELOPMENT_ASSET_PATHS = "";
				DEVELOPMENT_TEAM = 6344MVRY42;
				ENABLE_PREVIEWS = YES;
				FRAMEWORK_SEARCH_PATHS = (
					"$(inherited)",
					"$(PROJECT_DIR)/Peepz/Frameworks",
				);
				INFOPLIST_FILE = Peepz/Info.plist;
				IPHONEOS_DEPLOYMENT_TARGET = 14.0;
				LD_RUNPATH_SEARCH_PATHS = (
					"$(inherited)",
					"@executable_path/Frameworks",
				);
				OTHER_LDFLAGS = "$(inherited)";
				PRODUCT_BUNDLE_IDENTIFIER = com.novoda.peepz;
				PRODUCT_NAME = "$(TARGET_NAME)";
				SUPPORTS_MACCATALYST = NO;
				SWIFT_VERSION = 5.0;
				TARGETED_DEVICE_FAMILY = 1;
			};
			name = Release;
		};
		B830CE762565E96E00F405DE /* Debug */ = {
			isa = XCBuildConfiguration;
			buildSettings = {
				CODE_SIGN_STYLE = Automatic;
				CURRENT_PROJECT_VERSION = 1;
				DEFINES_MODULE = YES;
				DEVELOPMENT_TEAM = 6344MVRY42;
				DYLIB_COMPATIBILITY_VERSION = 1;
				DYLIB_CURRENT_VERSION = 1;
				DYLIB_INSTALL_NAME_BASE = "@rpath";
				INFOPLIST_FILE = Peepz/Features/Gallery/Sources/Info.plist;
				INSTALL_PATH = "$(LOCAL_LIBRARY_DIR)/Frameworks";
				IPHONEOS_DEPLOYMENT_TARGET = 14.0;
				LD_RUNPATH_SEARCH_PATHS = (
					"$(inherited)",
					"@executable_path/Frameworks",
					"@loader_path/Frameworks",
				);
				PRODUCT_BUNDLE_IDENTIFIER = com.novoda.Gallery;
				PRODUCT_NAME = "$(TARGET_NAME:c99extidentifier)";
				SKIP_INSTALL = YES;
				SUPPORTS_MACCATALYST = NO;
				SWIFT_VERSION = 5.0;
				TARGETED_DEVICE_FAMILY = 1;
				VERSIONING_SYSTEM = "apple-generic";
				VERSION_INFO_PREFIX = "";
			};
			name = Debug;
		};
		B830CE772565E96E00F405DE /* Release */ = {
			isa = XCBuildConfiguration;
			buildSettings = {
				CODE_SIGN_STYLE = Automatic;
				CURRENT_PROJECT_VERSION = 1;
				DEFINES_MODULE = YES;
				DEVELOPMENT_TEAM = 6344MVRY42;
				DYLIB_COMPATIBILITY_VERSION = 1;
				DYLIB_CURRENT_VERSION = 1;
				DYLIB_INSTALL_NAME_BASE = "@rpath";
				INFOPLIST_FILE = Peepz/Features/Gallery/Sources/Info.plist;
				INSTALL_PATH = "$(LOCAL_LIBRARY_DIR)/Frameworks";
				IPHONEOS_DEPLOYMENT_TARGET = 14.0;
				LD_RUNPATH_SEARCH_PATHS = (
					"$(inherited)",
					"@executable_path/Frameworks",
					"@loader_path/Frameworks",
				);
				PRODUCT_BUNDLE_IDENTIFIER = com.novoda.Gallery;
				PRODUCT_NAME = "$(TARGET_NAME:c99extidentifier)";
				SKIP_INSTALL = YES;
				SUPPORTS_MACCATALYST = NO;
				SWIFT_VERSION = 5.0;
				TARGETED_DEVICE_FAMILY = 1;
				VERSIONING_SYSTEM = "apple-generic";
				VERSION_INFO_PREFIX = "";
			};
			name = Release;
		};
		B830CE792565E96E00F405DE /* Debug */ = {
			isa = XCBuildConfiguration;
			buildSettings = {
				ALWAYS_EMBED_SWIFT_STANDARD_LIBRARIES = YES;
				CODE_SIGN_STYLE = Automatic;
				INFOPLIST_FILE = Peepz/Features/Gallery/Tests/Info.plist;
				IPHONEOS_DEPLOYMENT_TARGET = 14.2;
				LD_RUNPATH_SEARCH_PATHS = (
					"$(inherited)",
					"@executable_path/Frameworks",
					"@loader_path/Frameworks",
				);
				PRODUCT_BUNDLE_IDENTIFIER = com.novoda.GalleryTests;
				PRODUCT_NAME = "$(TARGET_NAME)";
				SWIFT_VERSION = 5.0;
				TARGETED_DEVICE_FAMILY = "1,2";
				TEST_HOST = "$(BUILT_PRODUCTS_DIR)/Peepz.app/Peepz";
			};
			name = Debug;
		};
		B830CE7A2565E96E00F405DE /* Release */ = {
			isa = XCBuildConfiguration;
			buildSettings = {
				ALWAYS_EMBED_SWIFT_STANDARD_LIBRARIES = YES;
				CODE_SIGN_STYLE = Automatic;
				INFOPLIST_FILE = Peepz/Features/Gallery/Tests/Info.plist;
				IPHONEOS_DEPLOYMENT_TARGET = 14.2;
				LD_RUNPATH_SEARCH_PATHS = (
					"$(inherited)",
					"@executable_path/Frameworks",
					"@loader_path/Frameworks",
				);
				PRODUCT_BUNDLE_IDENTIFIER = com.novoda.GalleryTests;
				PRODUCT_NAME = "$(TARGET_NAME)";
				SWIFT_VERSION = 5.0;
				TARGETED_DEVICE_FAMILY = "1,2";
				TEST_HOST = "$(BUILT_PRODUCTS_DIR)/Peepz.app/Peepz";
			};
			name = Release;
		};
		B830CECB2565F40200F405DE /* Debug */ = {
			isa = XCBuildConfiguration;
			buildSettings = {
				CODE_SIGN_STYLE = Automatic;
				CURRENT_PROJECT_VERSION = 1;
				DEFINES_MODULE = YES;
				DEVELOPMENT_TEAM = 6344MVRY42;
				DYLIB_COMPATIBILITY_VERSION = 1;
				DYLIB_CURRENT_VERSION = 1;
				DYLIB_INSTALL_NAME_BASE = "@rpath";
				INFOPLIST_FILE = Peepz/Features/Login/Sources/Info.plist;
				INSTALL_PATH = "$(LOCAL_LIBRARY_DIR)/Frameworks";
				IPHONEOS_DEPLOYMENT_TARGET = 14.0;
				LD_RUNPATH_SEARCH_PATHS = (
					"$(inherited)",
					"@executable_path/Frameworks",
					"@loader_path/Frameworks",
				);
				PRODUCT_BUNDLE_IDENTIFIER = com.novoda.Login;
				PRODUCT_NAME = "$(TARGET_NAME:c99extidentifier)";
				SKIP_INSTALL = YES;
				SUPPORTS_MACCATALYST = NO;
				SWIFT_VERSION = 5.0;
				TARGETED_DEVICE_FAMILY = 1;
				VERSIONING_SYSTEM = "apple-generic";
				VERSION_INFO_PREFIX = "";
			};
			name = Debug;
		};
		B830CECC2565F40200F405DE /* Release */ = {
			isa = XCBuildConfiguration;
			buildSettings = {
				CODE_SIGN_STYLE = Automatic;
				CURRENT_PROJECT_VERSION = 1;
				DEFINES_MODULE = YES;
				DEVELOPMENT_TEAM = 6344MVRY42;
				DYLIB_COMPATIBILITY_VERSION = 1;
				DYLIB_CURRENT_VERSION = 1;
				DYLIB_INSTALL_NAME_BASE = "@rpath";
				INFOPLIST_FILE = Peepz/Features/Login/Sources/Info.plist;
				INSTALL_PATH = "$(LOCAL_LIBRARY_DIR)/Frameworks";
				IPHONEOS_DEPLOYMENT_TARGET = 14.0;
				LD_RUNPATH_SEARCH_PATHS = (
					"$(inherited)",
					"@executable_path/Frameworks",
					"@loader_path/Frameworks",
				);
				PRODUCT_BUNDLE_IDENTIFIER = com.novoda.Login;
				PRODUCT_NAME = "$(TARGET_NAME:c99extidentifier)";
				SKIP_INSTALL = YES;
				SUPPORTS_MACCATALYST = NO;
				SWIFT_VERSION = 5.0;
				TARGETED_DEVICE_FAMILY = 1;
				VERSIONING_SYSTEM = "apple-generic";
				VERSION_INFO_PREFIX = "";
			};
			name = Release;
		};
		B830CECE2565F40200F405DE /* Debug */ = {
			isa = XCBuildConfiguration;
			buildSettings = {
				ALWAYS_EMBED_SWIFT_STANDARD_LIBRARIES = YES;
				CODE_SIGN_STYLE = Automatic;
				INFOPLIST_FILE = Peepz/Features/Login/Tests/Info.plist;
				IPHONEOS_DEPLOYMENT_TARGET = 14.2;
				LD_RUNPATH_SEARCH_PATHS = (
					"$(inherited)",
					"@executable_path/Frameworks",
					"@loader_path/Frameworks",
				);
				PRODUCT_BUNDLE_IDENTIFIER = com.novoda.LoginTests;
				PRODUCT_NAME = "$(TARGET_NAME)";
				SWIFT_VERSION = 5.0;
				TARGETED_DEVICE_FAMILY = "1,2";
				TEST_HOST = "$(BUILT_PRODUCTS_DIR)/Peepz.app/Peepz";
			};
			name = Debug;
		};
		B830CECF2565F40200F405DE /* Release */ = {
			isa = XCBuildConfiguration;
			buildSettings = {
				ALWAYS_EMBED_SWIFT_STANDARD_LIBRARIES = YES;
				CODE_SIGN_STYLE = Automatic;
				INFOPLIST_FILE = Peepz/Features/Login/Tests/Info.plist;
				IPHONEOS_DEPLOYMENT_TARGET = 14.2;
				LD_RUNPATH_SEARCH_PATHS = (
					"$(inherited)",
					"@executable_path/Frameworks",
					"@loader_path/Frameworks",
				);
				PRODUCT_BUNDLE_IDENTIFIER = com.novoda.LoginTests;
				PRODUCT_NAME = "$(TARGET_NAME)";
				SWIFT_VERSION = 5.0;
				TARGETED_DEVICE_FAMILY = "1,2";
				TEST_HOST = "$(BUILT_PRODUCTS_DIR)/Peepz.app/Peepz";
			};
			name = Release;
		};
/* End XCBuildConfiguration section */

/* Begin XCConfigurationList section */
		90D5DE51251B3D56000856C5 /* Build configuration list for PBXProject "Peepz" */ = {
			isa = XCConfigurationList;
			buildConfigurations = (
				90D5DE79251B3D58000856C5 /* Debug */,
				90D5DE7A251B3D58000856C5 /* Release */,
			);
			defaultConfigurationIsVisible = 0;
			defaultConfigurationName = Release;
		};
		90D5DE7B251B3D58000856C5 /* Build configuration list for PBXNativeTarget "Peepz" */ = {
			isa = XCConfigurationList;
			buildConfigurations = (
				90D5DE7C251B3D58000856C5 /* Debug */,
				90D5DE7D251B3D58000856C5 /* Release */,
			);
			defaultConfigurationIsVisible = 0;
			defaultConfigurationName = Release;
		};
		B830CE752565E96E00F405DE /* Build configuration list for PBXNativeTarget "Gallery" */ = {
			isa = XCConfigurationList;
			buildConfigurations = (
				B830CE762565E96E00F405DE /* Debug */,
				B830CE772565E96E00F405DE /* Release */,
			);
			defaultConfigurationIsVisible = 0;
			defaultConfigurationName = Release;
		};
		B830CE782565E96E00F405DE /* Build configuration list for PBXNativeTarget "GalleryTests" */ = {
			isa = XCConfigurationList;
			buildConfigurations = (
				B830CE792565E96E00F405DE /* Debug */,
				B830CE7A2565E96E00F405DE /* Release */,
			);
			defaultConfigurationIsVisible = 0;
			defaultConfigurationName = Release;
		};
		B830CECA2565F40200F405DE /* Build configuration list for PBXNativeTarget "Login" */ = {
			isa = XCConfigurationList;
			buildConfigurations = (
				B830CECB2565F40200F405DE /* Debug */,
				B830CECC2565F40200F405DE /* Release */,
			);
			defaultConfigurationIsVisible = 0;
			defaultConfigurationName = Release;
		};
		B830CECD2565F40200F405DE /* Build configuration list for PBXNativeTarget "LoginTests" */ = {
			isa = XCConfigurationList;
			buildConfigurations = (
				B830CECE2565F40200F405DE /* Debug */,
				B830CECF2565F40200F405DE /* Release */,
			);
			defaultConfigurationIsVisible = 0;
			defaultConfigurationName = Release;
		};
/* End XCConfigurationList section */

/* Begin XCSwiftPackageProductDependency section */
		B830CE4F2565E80100F405DE /* Authentication */ = {
			isa = XCSwiftPackageProductDependency;
			productName = Authentication;
		};
		B830CE552565E80100F405DE /* StorageClientLive */ = {
			isa = XCSwiftPackageProductDependency;
			productName = StorageClientLive;
		};
		B830CE9E2565EBE000F405DE /* Authentication */ = {
			isa = XCSwiftPackageProductDependency;
			productName = Authentication;
		};
		B830CEA12565EBE000F405DE /* StorageClient */ = {
			isa = XCSwiftPackageProductDependency;
			productName = StorageClient;
		};
		B830CEF02565F50400F405DE /* Authentication */ = {
			isa = XCSwiftPackageProductDependency;
			productName = Authentication;
		};
/* End XCSwiftPackageProductDependency section */
	};
	rootObject = 90D5DE4E251B3D56000856C5 /* Project object */;
}
